
Microsoft Visual Studio Solution File, Format Version 12.00
# Visual Studio Version 17
VisualStudioVersion = 17.8.34601.278
MinimumVisualStudioVersion = 10.0.40219.1
Project("{FAE04EC0-301F-11D3-BF4B-00C04F79EFBC}") = "QuotesDemoApp", "QuotesDemoApp\QuotesDemoApp.csproj", "{00F1E08A-C092-4DFC-A4CA-352BBAC2F94F}"
EndProject
Global
	GlobalSection(SolutionConfigurationPlatforms) = preSolution
		Debug|Any CPU = Debug|Any CPU
		Release|Any CPU = Release|Any CPU
	EndGlobalSection
	GlobalSection(ProjectConfigurationPlatforms) = postSolution
		{00F1E08A-C092-4DFC-A4CA-352BBAC2F94F}.Debug|Any CPU.ActiveCfg = Debug|Any CPU
		{00F1E08A-C092-4DFC-A4CA-352BBAC2F94F}.Debug|Any CPU.Build.0 = Debug|Any CPU
		{00F1E08A-C092-4DFC-A4CA-352BBAC2F94F}.Release|Any CPU.ActiveCfg = Release|Any CPU
		{00F1E08A-C092-4DFC-A4CA-352BBAC2F94F}.Release|Any CPU.Build.0 = Release|Any CPU
	EndGlobalSection
	GlobalSection(SolutionProperties) = preSolution
		HideSolutionNode = FALSE
	EndGlobalSection
	GlobalSection(ExtensibilityGlobals) = postSolution
		SolutionGuid = {4F33FE2A-6A00-4652-B408-6444E4158549}
	EndGlobalSection
EndGlobal
